
Microsoft Visual Studio Solution File, Format Version 12.00
# Visual Studio 15
VisualStudioVersion = 15.0.27130.2026
MinimumVisualStudioVersion = 10.0.40219.1
Project("{FAE04EC0-301F-11D3-BF4B-00C04F79EFBC}") = "WpfApp1", "WpfApp1\WpfApp1.csproj", "{BFA0A7DA-6C05-4D57-AA0E-1A2DCA53B8A6}"
EndProject
Global
	GlobalSection(SolutionConfigurationPlatforms) = preSolution
		Debug|Any CPU = Debug|Any CPU
		Release|Any CPU = Release|Any CPU
	EndGlobalSection
	GlobalSection(ProjectConfigurationPlatforms) = postSolution
		{BFA0A7DA-6C05-4D57-AA0E-1A2DCA53B8A6}.Debug|Any CPU.ActiveCfg = Debug|Any CPU
		{BFA0A7DA-6C05-4D57-AA0E-1A2DCA53B8A6}.Debug|Any CPU.Build.0 = Debug|Any CPU
		{BFA0A7DA-6C05-4D57-AA0E-1A2DCA53B8A6}.Release|Any CPU.ActiveCfg = Release|Any CPU
		{BFA0A7DA-6C05-4D57-AA0E-1A2DCA53B8A6}.Release|Any CPU.Build.0 = Release|Any CPU
	EndGlobalSection
	GlobalSection(SolutionProperties) = preSolution
		HideSolutionNode = FALSE
	EndGlobalSection
	GlobalSection(ExtensibilityGlobals) = postSolution
		SolutionGuid = {7D8F3B92-E8CE-4D40-BFEC-872B09597AB9}
	EndGlobalSection
EndGlobal
